
Microsoft Visual Studio Solution File, Format Version 12.00
# Visual Studio Version 17
VisualStudioVersion = 17.6.33801.468
MinimumVisualStudioVersion = 10.0.40219.1
Project("{FAE04EC0-301F-11D3-BF4B-00C04F79EFBC}") = "Assignment_UKHO", "Assignment_UKHO\Assignment_UKHO.csproj", "{8859F443-69E8-4CC9-A52E-2FF4A65A208C}"
EndProject
Project("{FAE04EC0-301F-11D3-BF4B-00C04F79EFBC}") = "Assignment_UKHO.Data", "Assignment_UKHO.Data\Assignment_UKHO.Data.csproj", "{104901BA-44BE-41A1-9A21-09650082D69A}"
EndProject
Project("{FAE04EC0-301F-11D3-BF4B-00C04F79EFBC}") = "Assignment_UKHO.Tests", "Assignment_UKHO.Tests\Assignment_UKHO.Tests.csproj", "{B4FA0EBF-EB88-4D91-B39D-ED4A941D51CE}"
EndProject
Global
	GlobalSection(SolutionConfigurationPlatforms) = preSolution
		Debug|Any CPU = Debug|Any CPU
		Release|Any CPU = Release|Any CPU
	EndGlobalSection
	GlobalSection(ProjectConfigurationPlatforms) = postSolution
		{8859F443-69E8-4CC9-A52E-2FF4A65A208C}.Debug|Any CPU.ActiveCfg = Debug|Any CPU
		{8859F443-69E8-4CC9-A52E-2FF4A65A208C}.Debug|Any CPU.Build.0 = Debug|Any CPU
		{8859F443-69E8-4CC9-A52E-2FF4A65A208C}.Release|Any CPU.ActiveCfg = Release|Any CPU
		{8859F443-69E8-4CC9-A52E-2FF4A65A208C}.Release|Any CPU.Build.0 = Release|Any CPU
		{104901BA-44BE-41A1-9A21-09650082D69A}.Debug|Any CPU.ActiveCfg = Debug|Any CPU
		{104901BA-44BE-41A1-9A21-09650082D69A}.Debug|Any CPU.Build.0 = Debug|Any CPU
		{104901BA-44BE-41A1-9A21-09650082D69A}.Release|Any CPU.ActiveCfg = Release|Any CPU
		{104901BA-44BE-41A1-9A21-09650082D69A}.Release|Any CPU.Build.0 = Release|Any CPU
		{B4FA0EBF-EB88-4D91-B39D-ED4A941D51CE}.Debug|Any CPU.ActiveCfg = Debug|Any CPU
		{B4FA0EBF-EB88-4D91-B39D-ED4A941D51CE}.Debug|Any CPU.Build.0 = Debug|Any CPU
		{B4FA0EBF-EB88-4D91-B39D-ED4A941D51CE}.Release|Any CPU.ActiveCfg = Release|Any CPU
		{B4FA0EBF-EB88-4D91-B39D-ED4A941D51CE}.Release|Any CPU.Build.0 = Release|Any CPU
	EndGlobalSection
	GlobalSection(SolutionProperties) = preSolution
		HideSolutionNode = FALSE
	EndGlobalSection
	GlobalSection(ExtensibilityGlobals) = postSolution
		SolutionGuid = {16C39C88-519A-4AB8-9390-C630D6DCE443}
	EndGlobalSection
EndGlobal
